<?xml version="1.0" encoding="utf-8"?>
<Project ToolsVersion="4.0" xmlns="http://schemas.microsoft.com/developer/msbuild/2003">
  <ItemGroup>
    <Text Include="ReadMe.txt" />
  </ItemGroup>
  <ItemGroup>
    <ClInclude Include="stdafx.h" />
    <ClInclude Include="targetver.h" />
    <ClInclude Include="Game.h">
      <Filter>Game</Filter>
    </ClInclude>
    <ClInclude Include="Player.h">
      <Filter>Player</Filter>
    </ClInclude>
    <ClInclude Include="Hands.h">
      <Filter>Player\Hands</Filter>
    </ClInclude>
    <ClInclude Include="Field.h">
      <Filter>Player\Field</Filter>
    </ClInclude>
    <ClInclude Include="Decks.h">
      <Filter>Player\Decks</Filter>
    </ClInclude>
    <ClInclude Include="..\..\ProtoBuf\Debug\protocol.pb.h">
      <Filter>Util</Filter>
    </ClInclude>
    <ClInclude Include="Card.h">
      <Filter>Card</Filter>
    </ClInclude>
  </ItemGroup>
  <ItemGroup>
    <ClCompile Include="CardServer.cpp" />
    <ClCompile Include="stdafx.cpp" />
    <ClCompile Include="Game.cpp">
      <Filter>Game</Filter>
    </ClCompile>
    <ClCompile Include="Player.cpp">
      <Filter>Player</Filter>
    </ClCompile>
    <ClCompile Include="Hands.cpp">
      <Filter>Player\Hands</Filter>
    </ClCompile>
    <ClCompile Include="Field.cpp">
      <Filter>Player\Field</Filter>
    </ClCompile>
    <ClCompile Include="Decks.cpp">
      <Filter>Player\Decks</Filter>
    </ClCompile>
    <ClCompile Include="..\..\ProtoBuf\Debug\protocol.pb.cc">
      <Filter>Util</Filter>
    </ClCompile>
    <ClCompile Include="Card.cpp">
      <Filter>Card</Filter>
    </ClCompile>
  </ItemGroup>
  <ItemGroup>
    <Filter Include="Game">
      <UniqueIdentifier>{ae67be86-5a53-41a3-afa5-8da219851315}</UniqueIdentifier>
    </Filter>
    <Filter Include="Player">
      <UniqueIdentifier>{270e291c-df75-41a1-8ced-dc9cb0d22568}</UniqueIdentifier>
    </Filter>
    <Filter Include="Player\Decks">
      <UniqueIdentifier>{f4006aac-f7b0-4756-a66e-191019dccf18}</UniqueIdentifier>
    </Filter>
    <Filter Include="Player\Hands">
      <UniqueIdentifier>{d538e990-3d8c-4a84-9200-e6f16206f20d}</UniqueIdentifier>
    </Filter>
    <Filter Include="Player\Field">
      <UniqueIdentifier>{690d05dc-6441-4c6e-8946-c3680830172d}</UniqueIdentifier>
    </Filter>
    <Filter Include="Util">
      <UniqueIdentifier>{d6e6d868-1d0b-41ce-9828-23dafe20d59e}</UniqueIdentifier>
    </Filter>
    <Filter Include="Card">
      <UniqueIdentifier>{2c710bc5-a4e6-48df-85e3-2ed861e90c05}</UniqueIdentifier>
    </Filter>
  </ItemGroup>
</Project>