<?xml version="1.0" encoding="utf-8"?>
<Project ToolsVersion="4.0" xmlns="http://schemas.microsoft.com/developer/msbuild/2003">
  <ItemGroup>
    <Text Include="ReadMe.txt" />
  </ItemGroup>
  <ItemGroup>
    <ClInclude Include="stdafx.h" />
    <ClInclude Include="targetver.h" />
    <ClInclude Include="Game.h">
      <Filter>Game</Filter>
    </ClInclude>
    <ClInclude Include="Field.h" />
    <ClInclude Include="Card.h" />
  </ItemGroup>
  <ItemGroup>
    <ClCompile Include="CardServer.cpp" />
    <ClCompile Include="stdafx.cpp" />
    <ClCompile Include="Game.cpp">
      <Filter>Game</Filter>
    </ClCompile>
    <ClCompile Include="Field.cpp" />
    <ClCompile Include="Card.cpp" />
  </ItemGroup>
  <ItemGroup>
    <Filter Include="Game">
      <UniqueIdentifier>{ae67be86-5a53-41a3-afa5-8da219851315}</UniqueIdentifier>
    </Filter>
  </ItemGroup>
</Project>